
Microsoft Visual Studio Solution File, Format Version 12.00
# Visual Studio Version 17
VisualStudioVersion = 17.0.31808.319
MinimumVisualStudioVersion = 10.0.40219.1
Project("{FAE04EC0-301F-11D3-BF4B-00C04F79EFBC}") = "JinsMemeServer", "JinsMemeServer\JinsMemeServer.csproj", "{0A5A985C-B9FA-4D55-82F2-DB89FB1AADC5}"
EndProject
Global
	GlobalSection(SolutionConfigurationPlatforms) = preSolution
		Debug|Any CPU = Debug|Any CPU
		Release|Any CPU = Release|Any CPU
	EndGlobalSection
	GlobalSection(ProjectConfigurationPlatforms) = postSolution
		{0A5A985C-B9FA-4D55-82F2-DB89FB1AADC5}.Debug|Any CPU.ActiveCfg = Debug|Any CPU
		{0A5A985C-B9FA-4D55-82F2-DB89FB1AADC5}.Debug|Any CPU.Build.0 = Debug|Any CPU
		{0A5A985C-B9FA-4D55-82F2-DB89FB1AADC5}.Release|Any CPU.ActiveCfg = Release|Any CPU
		{0A5A985C-B9FA-4D55-82F2-DB89FB1AADC5}.Release|Any CPU.Build.0 = Release|Any CPU
	EndGlobalSection
	GlobalSection(SolutionProperties) = preSolution
		HideSolutionNode = FALSE
	EndGlobalSection
	GlobalSection(ExtensibilityGlobals) = postSolution
		SolutionGuid = {9175BA95-50AB-412F-9BF7-AACE3E6C8033}
	EndGlobalSection
EndGlobal
