
Microsoft Visual Studio Solution File, Format Version 12.00
# Visual Studio Version 17
VisualStudioVersion = 17.0.31808.319
MinimumVisualStudioVersion = 10.0.40219.1
Project("{9A19103F-16F7-4668-BE54-9A1E7A4F7556}") = "JinsMeme.Server", "JinsMeme.Server\JinsMeme.Server.csproj", "{0A5A985C-B9FA-4D55-82F2-DB89FB1AADC5}"
EndProject
Project("{9A19103F-16F7-4668-BE54-9A1E7A4F7556}") = "JinsMeme.Shared", "JinsMeme.Shared\JinsMeme.Shared.csproj", "{BF95171F-4DD6-49D4-AAEC-A38CDA0EEB18}"
EndProject
Project("{9A19103F-16F7-4668-BE54-9A1E7A4F7556}") = "JinsMeme.Blazor", "JinsMeme.Blazor\JinsMeme.Blazor.csproj", "{C7E5A9D9-CD21-442F-B44F-810EB66D3508}"
EndProject
Project("{9A19103F-16F7-4668-BE54-9A1E7A4F7556}") = "JinsMeme.Console", "JinsMeme.Console\JinsMeme.Console.csproj", "{38F02193-59F8-4C47-B0BE-A474CDB8FFAA}"
EndProject
Global
	GlobalSection(SolutionConfigurationPlatforms) = preSolution
		Debug|Any CPU = Debug|Any CPU
		Release|Any CPU = Release|Any CPU
	EndGlobalSection
	GlobalSection(ProjectConfigurationPlatforms) = postSolution
		{0A5A985C-B9FA-4D55-82F2-DB89FB1AADC5}.Debug|Any CPU.ActiveCfg = Debug|Any CPU
		{0A5A985C-B9FA-4D55-82F2-DB89FB1AADC5}.Debug|Any CPU.Build.0 = Debug|Any CPU
		{0A5A985C-B9FA-4D55-82F2-DB89FB1AADC5}.Release|Any CPU.ActiveCfg = Release|Any CPU
		{0A5A985C-B9FA-4D55-82F2-DB89FB1AADC5}.Release|Any CPU.Build.0 = Release|Any CPU
		{BF95171F-4DD6-49D4-AAEC-A38CDA0EEB18}.Debug|Any CPU.ActiveCfg = Debug|Any CPU
		{BF95171F-4DD6-49D4-AAEC-A38CDA0EEB18}.Debug|Any CPU.Build.0 = Debug|Any CPU
		{BF95171F-4DD6-49D4-AAEC-A38CDA0EEB18}.Release|Any CPU.ActiveCfg = Release|Any CPU
		{BF95171F-4DD6-49D4-AAEC-A38CDA0EEB18}.Release|Any CPU.Build.0 = Release|Any CPU
		{C7E5A9D9-CD21-442F-B44F-810EB66D3508}.Debug|Any CPU.ActiveCfg = Debug|Any CPU
		{C7E5A9D9-CD21-442F-B44F-810EB66D3508}.Debug|Any CPU.Build.0 = Debug|Any CPU
		{C7E5A9D9-CD21-442F-B44F-810EB66D3508}.Release|Any CPU.ActiveCfg = Release|Any CPU
		{C7E5A9D9-CD21-442F-B44F-810EB66D3508}.Release|Any CPU.Build.0 = Release|Any CPU
		{38F02193-59F8-4C47-B0BE-A474CDB8FFAA}.Debug|Any CPU.ActiveCfg = Debug|Any CPU
		{38F02193-59F8-4C47-B0BE-A474CDB8FFAA}.Debug|Any CPU.Build.0 = Debug|Any CPU
		{38F02193-59F8-4C47-B0BE-A474CDB8FFAA}.Release|Any CPU.ActiveCfg = Release|Any CPU
		{38F02193-59F8-4C47-B0BE-A474CDB8FFAA}.Release|Any CPU.Build.0 = Release|Any CPU
	EndGlobalSection
	GlobalSection(SolutionProperties) = preSolution
		HideSolutionNode = FALSE
	EndGlobalSection
	GlobalSection(ExtensibilityGlobals) = postSolution
		SolutionGuid = {9175BA95-50AB-412F-9BF7-AACE3E6C8033}
	EndGlobalSection
EndGlobal
